
Microsoft Visual Studio Solution File, Format Version 12.00
# Visual Studio 15
VisualStudioVersion = 15.0.28010.2046
MinimumVisualStudioVersion = 10.0.40219.1
Project("{FAE04EC0-301F-11D3-BF4B-00C04F79EFBC}") = "HelloSoftUni", "HelloSoftUni\HelloSoftUni.csproj", "{413C033A-380C-4CB2-97BC-4F4BED3F65F3}"
EndProject
Project("{FAE04EC0-301F-11D3-BF4B-00C04F79EFBC}") = "AreaAndPerimeter", "AreaAndPerimeter\AreaAndPerimeter.csproj", "{6A09DCAF-7472-41A0-824D-3E0DF08D4E36}"
EndProject
Project("{FAE04EC0-301F-11D3-BF4B-00C04F79EFBC}") = "Birthday", "Birthday\Birthday.csproj", "{73836816-E00E-4B72-86D2-665FB6F9006D}"
EndProject
Project("{FAE04EC0-301F-11D3-BF4B-00C04F79EFBC}") = "BonusScore", "BonusScore\BonusScore.csproj", "{115FE53B-736C-45F7-9941-F95ED886ABBC}"
EndProject
Project("{FAE04EC0-301F-11D3-BF4B-00C04F79EFBC}") = "CelciusToFarenheit", "CelciusToFarenheit\CelciusToFarenheit.csproj", "{5681B77D-971B-4624-B38C-B892BAC4252D}"
EndProject
Project("{FAE04EC0-301F-11D3-BF4B-00C04F79EFBC}") = "Concatenate-Data", "Concatenate-Data\Concatenate-Data.csproj", "{72A28D03-B2C0-4E4A-A7DD-1F19FE371744}"
EndProject
Project("{FAE04EC0-301F-11D3-BF4B-00C04F79EFBC}") = "Coordinates", "Coordinates\Coordinates.csproj", "{AB6E2057-0607-43C0-98D7-88ACD5CAF64B}"
EndProject
Project("{FAE04EC0-301F-11D3-BF4B-00C04F79EFBC}") = "EvenOrOdd", "EvenOrOdd\EvenOrOdd.csproj", "{D01527E2-ED73-4285-A80C-582D6264E39A}"
EndProject
Project("{FAE04EC0-301F-11D3-BF4B-00C04F79EFBC}") = "ExcellentOrNot", "ExcellentOrNot\ExcellentOrNot.csproj", "{E63C118B-6B37-4E8D-9529-CEC8435E3B6E}"
EndProject
Project("{FAE04EC0-301F-11D3-BF4B-00C04F79EFBC}") = "Expression", "Expression\Expression.csproj", "{1BCDCE99-3470-4DF9-966D-B6C14798E1CC}"
EndProject
Project("{FAE04EC0-301F-11D3-BF4B-00C04F79EFBC}") = "GreaterNumber", "GreaterNumber\GreaterNumber.csproj", "{481B86FB-F72B-4558-9B40-E004622048E4}"
EndProject
Project("{FAE04EC0-301F-11D3-BF4B-00C04F79EFBC}") = "Greeting", "Greeting\Greeting.csproj", "{D42BED1C-7DE3-445C-B6BC-9836DC9FEBD3}"
EndProject
Project("{FAE04EC0-301F-11D3-BF4B-00C04F79EFBC}") = "InchToCentimeter", "InchToCentimeter\InchToCentimeter.csproj", "{BFDD5022-8FEF-4F3E-80B3-2902D9A39D14}"
EndProject
Project("{FAE04EC0-301F-11D3-BF4B-00C04F79EFBC}") = "Number1To9ToText", "Number1To9ToText\Number1To9ToText.csproj", "{83A9DDD1-019C-49C8-9F99-D1DCCA4872E8}"
EndProject
Project("{FAE04EC0-301F-11D3-BF4B-00C04F79EFBC}") = "Nums1to20", "Nums1to20\Nums1to20.csproj", "{A3BA276A-7342-46A1-9792-5B776FE950BD}"
EndProject
Project("{FAE04EC0-301F-11D3-BF4B-00C04F79EFBC}") = "PartyTime", "PartyTime\PartyTime.csproj", "{D93AD1D6-7AC3-4165-B3E8-2D682DA09260}"
EndProject
Project("{FAE04EC0-301F-11D3-BF4B-00C04F79EFBC}") = "RadiansToDegrees", "RadiansToDegrees\RadiansToDegrees.csproj", "{DF0534E4-36BD-4EC4-B634-1B9BE9CC32BC}"
EndProject
Project("{FAE04EC0-301F-11D3-BF4B-00C04F79EFBC}") = "RectangleArea", "RectangleArea\RectangleArea.csproj", "{0FF747BD-2209-4227-B387-ABD538077D04}"
EndProject
Project("{FAE04EC0-301F-11D3-BF4B-00C04F79EFBC}") = "SimpleConditions", "SimpleConditions\SimpleConditions.csproj", "{DF5FE6A6-74D9-4A79-9A90-F639DD2C7E03}"
EndProject
Project("{FAE04EC0-301F-11D3-BF4B-00C04F79EFBC}") = "Square-Area", "Square-Area\Square-Area.csproj", "{0B8E4439-1464-494F-AFCA-A8E2056539A4}"
EndProject
Project("{FAE04EC0-301F-11D3-BF4B-00C04F79EFBC}") = "SumSeconds", "SumSeconds\SumSeconds.csproj", "{A2047BB9-9AD3-491C-9AA9-04CFABBF137C}"
EndProject
Project("{FAE04EC0-301F-11D3-BF4B-00C04F79EFBC}") = "Trapezoid-Area", "Trapezoid-Area\Trapezoid-Area.csproj", "{10224393-4673-4456-8A04-4214C7CC75D4}"
EndProject
Project("{FAE04EC0-301F-11D3-BF4B-00C04F79EFBC}") = "Triangle-Area", "Triangle-Area\Triangle-Area.csproj", "{F68CB0EE-0651-4513-993C-4039BE14712F}"
EndProject
Project("{FAE04EC0-301F-11D3-BF4B-00C04F79EFBC}") = "USD-BGN", "USD-BGN\USD-BGN.csproj", "{D3F2DC0E-5306-4D65-B9EB-0CCE5CDB4E6B}"
EndProject
Project("{FAE04EC0-301F-11D3-BF4B-00C04F79EFBC}") = "SpeedInfo", "SpeedInfo\SpeedInfo.csproj", "{00EDCD86-9010-4040-9718-79F892A274B9}"
EndProject
Project("{FAE04EC0-301F-11D3-BF4B-00C04F79EFBC}") = "MetricConverter", "MetricConverter\MetricConverter.csproj", "{23FCBC90-2DA9-42D8-9C63-89F1231BA189}"
EndProject
Project("{FAE04EC0-301F-11D3-BF4B-00C04F79EFBC}") = "DateTime", "DateTime\DateTime.csproj", "{3C6C5AD4-A943-47F2-AB8D-44656DEA08F6}"
EndProject
Project("{FAE04EC0-301F-11D3-BF4B-00C04F79EFBC}") = "ThreeBrothers", "ThreeBrothers\ThreeBrothers.csproj", "{84DD4262-70B3-44F2-9F42-E64D14336B6B}"
EndProject
Project("{FAE04EC0-301F-11D3-BF4B-00C04F79EFBC}") = "Choreography", "Choreography\Choreography.csproj", "{5329D757-4973-4FF3-A90E-FD7319125FD5}"
EndProject
Project("{FAE04EC0-301F-11D3-BF4B-00C04F79EFBC}") = "PersonalTitles", "PersonalTitles\PersonalTitles.csproj", "{68132F8B-127F-4B65-A3DA-D1B04BE81995}"
EndProject
Project("{FAE04EC0-301F-11D3-BF4B-00C04F79EFBC}") = "SmallShop", "SmallShop\SmallShop.csproj", "{77C2A375-C7FE-47E8-A7F4-13B83D8BACDC}"
EndProject
Project("{FAE04EC0-301F-11D3-BF4B-00C04F79EFBC}") = "PointInRectangle", "PointInRectangle\PointInRectangle.csproj", "{99CA737B-D184-40AB-AE3C-BC1920F33EC5}"
EndProject
Project("{FAE04EC0-301F-11D3-BF4B-00C04F79EFBC}") = "FruitOrVegetable", "FruitOrVegetable\FruitOrVegetable.csproj", "{6AA913E2-AC27-4891-B1CD-6987D1DA876A}"
EndProject
Project("{FAE04EC0-301F-11D3-BF4B-00C04F79EFBC}") = "InvalidNumber", "InvalidNumber\InvalidNumber.csproj", "{6E7E5A99-42B0-4867-AE8E-BD520C234E0B}"
EndProject
Project("{FAE04EC0-301F-11D3-BF4B-00C04F79EFBC}") = "FruitShop", "FruitShop\FruitShop.csproj", "{492ECE2D-B9B9-469E-9501-DAE6448AC01E}"
EndProject
Project("{FAE04EC0-301F-11D3-BF4B-00C04F79EFBC}") = "TradeCommisions", "TradeCommisions\TradeCommisions.csproj", "{85475708-BD78-48D1-9777-5580E2B36E0A}"
EndProject
Project("{FAE04EC0-301F-11D3-BF4B-00C04F79EFBC}") = "DayOfWeel", "DayOfWeel\DayOfWeel.csproj", "{B33CE2FA-2666-4F3C-84E3-FAC6B593AACA}"
EndProject
Project("{FAE04EC0-301F-11D3-BF4B-00C04F79EFBC}") = "AnimalTypeSWITCHCASE", "AnimalType\AnimalTypeSWITCHCASE.csproj", "{6D8B30B3-98DF-4444-B83D-FDFFA6C7D35A}"
EndProject
Project("{FAE04EC0-301F-11D3-BF4B-00C04F79EFBC}") = "Movie", "Movie\Movie.csproj", "{E291C904-7564-43BE-B9EE-3B3E215AF89F}"
EndProject
Project("{FAE04EC0-301F-11D3-BF4B-00C04F79EFBC}") = "Volleyball", "Volleyball\Volleyball.csproj", "{80B41E19-D7AE-4906-B9A5-251D86E028D7}"
EndProject
Project("{FAE04EC0-301F-11D3-BF4B-00C04F79EFBC}") = "SummerOutfit", "SummerOutfit\SummerOutfit.csproj", "{E8F7ED5E-727A-44AF-9B1F-C63BB9DBAA28}"
EndProject
Global
	GlobalSection(SolutionConfigurationPlatforms) = preSolution
		Debug|Any CPU = Debug|Any CPU
		Release|Any CPU = Release|Any CPU
	EndGlobalSection
	GlobalSection(ProjectConfigurationPlatforms) = postSolution
		{413C033A-380C-4CB2-97BC-4F4BED3F65F3}.Debug|Any CPU.ActiveCfg = Debug|Any CPU
		{413C033A-380C-4CB2-97BC-4F4BED3F65F3}.Debug|Any CPU.Build.0 = Debug|Any CPU
		{413C033A-380C-4CB2-97BC-4F4BED3F65F3}.Release|Any CPU.ActiveCfg = Release|Any CPU
		{413C033A-380C-4CB2-97BC-4F4BED3F65F3}.Release|Any CPU.Build.0 = Release|Any CPU
		{6A09DCAF-7472-41A0-824D-3E0DF08D4E36}.Debug|Any CPU.ActiveCfg = Debug|Any CPU
		{6A09DCAF-7472-41A0-824D-3E0DF08D4E36}.Debug|Any CPU.Build.0 = Debug|Any CPU
		{6A09DCAF-7472-41A0-824D-3E0DF08D4E36}.Release|Any CPU.ActiveCfg = Release|Any CPU
		{6A09DCAF-7472-41A0-824D-3E0DF08D4E36}.Release|Any CPU.Build.0 = Release|Any CPU
		{73836816-E00E-4B72-86D2-665FB6F9006D}.Debug|Any CPU.ActiveCfg = Debug|Any CPU
		{73836816-E00E-4B72-86D2-665FB6F9006D}.Debug|Any CPU.Build.0 = Debug|Any CPU
		{73836816-E00E-4B72-86D2-665FB6F9006D}.Release|Any CPU.ActiveCfg = Release|Any CPU
		{73836816-E00E-4B72-86D2-665FB6F9006D}.Release|Any CPU.Build.0 = Release|Any CPU
		{115FE53B-736C-45F7-9941-F95ED886ABBC}.Debug|Any CPU.ActiveCfg = Debug|Any CPU
		{115FE53B-736C-45F7-9941-F95ED886ABBC}.Debug|Any CPU.Build.0 = Debug|Any CPU
		{115FE53B-736C-45F7-9941-F95ED886ABBC}.Release|Any CPU.ActiveCfg = Release|Any CPU
		{115FE53B-736C-45F7-9941-F95ED886ABBC}.Release|Any CPU.Build.0 = Release|Any CPU
		{5681B77D-971B-4624-B38C-B892BAC4252D}.Debug|Any CPU.ActiveCfg = Debug|Any CPU
		{5681B77D-971B-4624-B38C-B892BAC4252D}.Debug|Any CPU.Build.0 = Debug|Any CPU
		{5681B77D-971B-4624-B38C-B892BAC4252D}.Release|Any CPU.ActiveCfg = Release|Any CPU
		{5681B77D-971B-4624-B38C-B892BAC4252D}.Release|Any CPU.Build.0 = Release|Any CPU
		{72A28D03-B2C0-4E4A-A7DD-1F19FE371744}.Debug|Any CPU.ActiveCfg = Debug|Any CPU
		{72A28D03-B2C0-4E4A-A7DD-1F19FE371744}.Debug|Any CPU.Build.0 = Debug|Any CPU
		{72A28D03-B2C0-4E4A-A7DD-1F19FE371744}.Release|Any CPU.ActiveCfg = Release|Any CPU
		{72A28D03-B2C0-4E4A-A7DD-1F19FE371744}.Release|Any CPU.Build.0 = Release|Any CPU
		{AB6E2057-0607-43C0-98D7-88ACD5CAF64B}.Debug|Any CPU.ActiveCfg = Debug|Any CPU
		{AB6E2057-0607-43C0-98D7-88ACD5CAF64B}.Debug|Any CPU.Build.0 = Debug|Any CPU
		{AB6E2057-0607-43C0-98D7-88ACD5CAF64B}.Release|Any CPU.ActiveCfg = Release|Any CPU
		{AB6E2057-0607-43C0-98D7-88ACD5CAF64B}.Release|Any CPU.Build.0 = Release|Any CPU
		{D01527E2-ED73-4285-A80C-582D6264E39A}.Debug|Any CPU.ActiveCfg = Debug|Any CPU
		{D01527E2-ED73-4285-A80C-582D6264E39A}.Debug|Any CPU.Build.0 = Debug|Any CPU
		{D01527E2-ED73-4285-A80C-582D6264E39A}.Release|Any CPU.ActiveCfg = Release|Any CPU
		{D01527E2-ED73-4285-A80C-582D6264E39A}.Release|Any CPU.Build.0 = Release|Any CPU
		{E63C118B-6B37-4E8D-9529-CEC8435E3B6E}.Debug|Any CPU.ActiveCfg = Debug|Any CPU
		{E63C118B-6B37-4E8D-9529-CEC8435E3B6E}.Debug|Any CPU.Build.0 = Debug|Any CPU
		{E63C118B-6B37-4E8D-9529-CEC8435E3B6E}.Release|Any CPU.ActiveCfg = Release|Any CPU
		{E63C118B-6B37-4E8D-9529-CEC8435E3B6E}.Release|Any CPU.Build.0 = Release|Any CPU
		{1BCDCE99-3470-4DF9-966D-B6C14798E1CC}.Debug|Any CPU.ActiveCfg = Debug|Any CPU
		{1BCDCE99-3470-4DF9-966D-B6C14798E1CC}.Debug|Any CPU.Build.0 = Debug|Any CPU
		{1BCDCE99-3470-4DF9-966D-B6C14798E1CC}.Release|Any CPU.ActiveCfg = Release|Any CPU
		{1BCDCE99-3470-4DF9-966D-B6C14798E1CC}.Release|Any CPU.Build.0 = Release|Any CPU
		{481B86FB-F72B-4558-9B40-E004622048E4}.Debug|Any CPU.ActiveCfg = Debug|Any CPU
		{481B86FB-F72B-4558-9B40-E004622048E4}.Debug|Any CPU.Build.0 = Debug|Any CPU
		{481B86FB-F72B-4558-9B40-E004622048E4}.Release|Any CPU.ActiveCfg = Release|Any CPU
		{481B86FB-F72B-4558-9B40-E004622048E4}.Release|Any CPU.Build.0 = Release|Any CPU
		{D42BED1C-7DE3-445C-B6BC-9836DC9FEBD3}.Debug|Any CPU.ActiveCfg = Debug|Any CPU
		{D42BED1C-7DE3-445C-B6BC-9836DC9FEBD3}.Debug|Any CPU.Build.0 = Debug|Any CPU
		{D42BED1C-7DE3-445C-B6BC-9836DC9FEBD3}.Release|Any CPU.ActiveCfg = Release|Any CPU
		{D42BED1C-7DE3-445C-B6BC-9836DC9FEBD3}.Release|Any CPU.Build.0 = Release|Any CPU
		{BFDD5022-8FEF-4F3E-80B3-2902D9A39D14}.Debug|Any CPU.ActiveCfg = Debug|Any CPU
		{BFDD5022-8FEF-4F3E-80B3-2902D9A39D14}.Debug|Any CPU.Build.0 = Debug|Any CPU
		{BFDD5022-8FEF-4F3E-80B3-2902D9A39D14}.Release|Any CPU.ActiveCfg = Release|Any CPU
		{BFDD5022-8FEF-4F3E-80B3-2902D9A39D14}.Release|Any CPU.Build.0 = Release|Any CPU
		{83A9DDD1-019C-49C8-9F99-D1DCCA4872E8}.Debug|Any CPU.ActiveCfg = Debug|Any CPU
		{83A9DDD1-019C-49C8-9F99-D1DCCA4872E8}.Debug|Any CPU.Build.0 = Debug|Any CPU
		{83A9DDD1-019C-49C8-9F99-D1DCCA4872E8}.Release|Any CPU.ActiveCfg = Release|Any CPU
		{83A9DDD1-019C-49C8-9F99-D1DCCA4872E8}.Release|Any CPU.Build.0 = Release|Any CPU
		{A3BA276A-7342-46A1-9792-5B776FE950BD}.Debug|Any CPU.ActiveCfg = Debug|Any CPU
		{A3BA276A-7342-46A1-9792-5B776FE950BD}.Debug|Any CPU.Build.0 = Debug|Any CPU
		{A3BA276A-7342-46A1-9792-5B776FE950BD}.Release|Any CPU.ActiveCfg = Release|Any CPU
		{A3BA276A-7342-46A1-9792-5B776FE950BD}.Release|Any CPU.Build.0 = Release|Any CPU
		{D93AD1D6-7AC3-4165-B3E8-2D682DA09260}.Debug|Any CPU.ActiveCfg = Debug|Any CPU
		{D93AD1D6-7AC3-4165-B3E8-2D682DA09260}.Debug|Any CPU.Build.0 = Debug|Any CPU
		{D93AD1D6-7AC3-4165-B3E8-2D682DA09260}.Release|Any CPU.ActiveCfg = Release|Any CPU
		{D93AD1D6-7AC3-4165-B3E8-2D682DA09260}.Release|Any CPU.Build.0 = Release|Any CPU
		{DF0534E4-36BD-4EC4-B634-1B9BE9CC32BC}.Debug|Any CPU.ActiveCfg = Debug|Any CPU
		{DF0534E4-36BD-4EC4-B634-1B9BE9CC32BC}.Debug|Any CPU.Build.0 = Debug|Any CPU
		{DF0534E4-36BD-4EC4-B634-1B9BE9CC32BC}.Release|Any CPU.ActiveCfg = Release|Any CPU
		{DF0534E4-36BD-4EC4-B634-1B9BE9CC32BC}.Release|Any CPU.Build.0 = Release|Any CPU
		{0FF747BD-2209-4227-B387-ABD538077D04}.Debug|Any CPU.ActiveCfg = Debug|Any CPU
		{0FF747BD-2209-4227-B387-ABD538077D04}.Debug|Any CPU.Build.0 = Debug|Any CPU
		{0FF747BD-2209-4227-B387-ABD538077D04}.Release|Any CPU.ActiveCfg = Release|Any CPU
		{0FF747BD-2209-4227-B387-ABD538077D04}.Release|Any CPU.Build.0 = Release|Any CPU
		{DF5FE6A6-74D9-4A79-9A90-F639DD2C7E03}.Debug|Any CPU.ActiveCfg = Debug|Any CPU
		{DF5FE6A6-74D9-4A79-9A90-F639DD2C7E03}.Debug|Any CPU.Build.0 = Debug|Any CPU
		{DF5FE6A6-74D9-4A79-9A90-F639DD2C7E03}.Release|Any CPU.ActiveCfg = Release|Any CPU
		{DF5FE6A6-74D9-4A79-9A90-F639DD2C7E03}.Release|Any CPU.Build.0 = Release|Any CPU
		{0B8E4439-1464-494F-AFCA-A8E2056539A4}.Debug|Any CPU.ActiveCfg = Debug|Any CPU
		{0B8E4439-1464-494F-AFCA-A8E2056539A4}.Debug|Any CPU.Build.0 = Debug|Any CPU
		{0B8E4439-1464-494F-AFCA-A8E2056539A4}.Release|Any CPU.ActiveCfg = Release|Any CPU
		{0B8E4439-1464-494F-AFCA-A8E2056539A4}.Release|Any CPU.Build.0 = Release|Any CPU
		{A2047BB9-9AD3-491C-9AA9-04CFABBF137C}.Debug|Any CPU.ActiveCfg = Debug|Any CPU
		{A2047BB9-9AD3-491C-9AA9-04CFABBF137C}.Debug|Any CPU.Build.0 = Debug|Any CPU
		{A2047BB9-9AD3-491C-9AA9-04CFABBF137C}.Release|Any CPU.ActiveCfg = Release|Any CPU
		{A2047BB9-9AD3-491C-9AA9-04CFABBF137C}.Release|Any CPU.Build.0 = Release|Any CPU
		{10224393-4673-4456-8A04-4214C7CC75D4}.Debug|Any CPU.ActiveCfg = Debug|Any CPU
		{10224393-4673-4456-8A04-4214C7CC75D4}.Debug|Any CPU.Build.0 = Debug|Any CPU
		{10224393-4673-4456-8A04-4214C7CC75D4}.Release|Any CPU.ActiveCfg = Release|Any CPU
		{10224393-4673-4456-8A04-4214C7CC75D4}.Release|Any CPU.Build.0 = Release|Any CPU
		{F68CB0EE-0651-4513-993C-4039BE14712F}.Debug|Any CPU.ActiveCfg = Debug|Any CPU
		{F68CB0EE-0651-4513-993C-4039BE14712F}.Debug|Any CPU.Build.0 = Debug|Any CPU
		{F68CB0EE-0651-4513-993C-4039BE14712F}.Release|Any CPU.ActiveCfg = Release|Any CPU
		{F68CB0EE-0651-4513-993C-4039BE14712F}.Release|Any CPU.Build.0 = Release|Any CPU
		{D3F2DC0E-5306-4D65-B9EB-0CCE5CDB4E6B}.Debug|Any CPU.ActiveCfg = Debug|Any CPU
		{D3F2DC0E-5306-4D65-B9EB-0CCE5CDB4E6B}.Debug|Any CPU.Build.0 = Debug|Any CPU
		{D3F2DC0E-5306-4D65-B9EB-0CCE5CDB4E6B}.Release|Any CPU.ActiveCfg = Release|Any CPU
		{D3F2DC0E-5306-4D65-B9EB-0CCE5CDB4E6B}.Release|Any CPU.Build.0 = Release|Any CPU
		{00EDCD86-9010-4040-9718-79F892A274B9}.Debug|Any CPU.ActiveCfg = Debug|Any CPU
		{00EDCD86-9010-4040-9718-79F892A274B9}.Debug|Any CPU.Build.0 = Debug|Any CPU
		{00EDCD86-9010-4040-9718-79F892A274B9}.Release|Any CPU.ActiveCfg = Release|Any CPU
		{00EDCD86-9010-4040-9718-79F892A274B9}.Release|Any CPU.Build.0 = Release|Any CPU
		{23FCBC90-2DA9-42D8-9C63-89F1231BA189}.Debug|Any CPU.ActiveCfg = Debug|Any CPU
		{23FCBC90-2DA9-42D8-9C63-89F1231BA189}.Debug|Any CPU.Build.0 = Debug|Any CPU
		{23FCBC90-2DA9-42D8-9C63-89F1231BA189}.Release|Any CPU.ActiveCfg = Release|Any CPU
		{23FCBC90-2DA9-42D8-9C63-89F1231BA189}.Release|Any CPU.Build.0 = Release|Any CPU
		{3C6C5AD4-A943-47F2-AB8D-44656DEA08F6}.Debug|Any CPU.ActiveCfg = Debug|Any CPU
		{3C6C5AD4-A943-47F2-AB8D-44656DEA08F6}.Debug|Any CPU.Build.0 = Debug|Any CPU
		{3C6C5AD4-A943-47F2-AB8D-44656DEA08F6}.Release|Any CPU.ActiveCfg = Release|Any CPU
		{3C6C5AD4-A943-47F2-AB8D-44656DEA08F6}.Release|Any CPU.Build.0 = Release|Any CPU
		{84DD4262-70B3-44F2-9F42-E64D14336B6B}.Debug|Any CPU.ActiveCfg = Debug|Any CPU
		{84DD4262-70B3-44F2-9F42-E64D14336B6B}.Debug|Any CPU.Build.0 = Debug|Any CPU
		{84DD4262-70B3-44F2-9F42-E64D14336B6B}.Release|Any CPU.ActiveCfg = Release|Any CPU
		{84DD4262-70B3-44F2-9F42-E64D14336B6B}.Release|Any CPU.Build.0 = Release|Any CPU
		{5329D757-4973-4FF3-A90E-FD7319125FD5}.Debug|Any CPU.ActiveCfg = Debug|Any CPU
		{5329D757-4973-4FF3-A90E-FD7319125FD5}.Debug|Any CPU.Build.0 = Debug|Any CPU
		{5329D757-4973-4FF3-A90E-FD7319125FD5}.Release|Any CPU.ActiveCfg = Release|Any CPU
		{5329D757-4973-4FF3-A90E-FD7319125FD5}.Release|Any CPU.Build.0 = Release|Any CPU
		{68132F8B-127F-4B65-A3DA-D1B04BE81995}.Debug|Any CPU.ActiveCfg = Debug|Any CPU
		{68132F8B-127F-4B65-A3DA-D1B04BE81995}.Debug|Any CPU.Build.0 = Debug|Any CPU
		{68132F8B-127F-4B65-A3DA-D1B04BE81995}.Release|Any CPU.ActiveCfg = Release|Any CPU
		{68132F8B-127F-4B65-A3DA-D1B04BE81995}.Release|Any CPU.Build.0 = Release|Any CPU
		{77C2A375-C7FE-47E8-A7F4-13B83D8BACDC}.Debug|Any CPU.ActiveCfg = Debug|Any CPU
		{77C2A375-C7FE-47E8-A7F4-13B83D8BACDC}.Debug|Any CPU.Build.0 = Debug|Any CPU
		{77C2A375-C7FE-47E8-A7F4-13B83D8BACDC}.Release|Any CPU.ActiveCfg = Release|Any CPU
		{77C2A375-C7FE-47E8-A7F4-13B83D8BACDC}.Release|Any CPU.Build.0 = Release|Any CPU
		{99CA737B-D184-40AB-AE3C-BC1920F33EC5}.Debug|Any CPU.ActiveCfg = Debug|Any CPU
		{99CA737B-D184-40AB-AE3C-BC1920F33EC5}.Debug|Any CPU.Build.0 = Debug|Any CPU
		{99CA737B-D184-40AB-AE3C-BC1920F33EC5}.Release|Any CPU.ActiveCfg = Release|Any CPU
		{99CA737B-D184-40AB-AE3C-BC1920F33EC5}.Release|Any CPU.Build.0 = Release|Any CPU
		{6AA913E2-AC27-4891-B1CD-6987D1DA876A}.Debug|Any CPU.ActiveCfg = Debug|Any CPU
		{6AA913E2-AC27-4891-B1CD-6987D1DA876A}.Debug|Any CPU.Build.0 = Debug|Any CPU
		{6AA913E2-AC27-4891-B1CD-6987D1DA876A}.Release|Any CPU.ActiveCfg = Release|Any CPU
		{6AA913E2-AC27-4891-B1CD-6987D1DA876A}.Release|Any CPU.Build.0 = Release|Any CPU
		{6E7E5A99-42B0-4867-AE8E-BD520C234E0B}.Debug|Any CPU.ActiveCfg = Debug|Any CPU
		{6E7E5A99-42B0-4867-AE8E-BD520C234E0B}.Debug|Any CPU.Build.0 = Debug|Any CPU
		{6E7E5A99-42B0-4867-AE8E-BD520C234E0B}.Release|Any CPU.ActiveCfg = Release|Any CPU
		{6E7E5A99-42B0-4867-AE8E-BD520C234E0B}.Release|Any CPU.Build.0 = Release|Any CPU
		{492ECE2D-B9B9-469E-9501-DAE6448AC01E}.Debug|Any CPU.ActiveCfg = Debug|Any CPU
		{492ECE2D-B9B9-469E-9501-DAE6448AC01E}.Debug|Any CPU.Build.0 = Debug|Any CPU
		{492ECE2D-B9B9-469E-9501-DAE6448AC01E}.Release|Any CPU.ActiveCfg = Release|Any CPU
		{492ECE2D-B9B9-469E-9501-DAE6448AC01E}.Release|Any CPU.Build.0 = Release|Any CPU
		{85475708-BD78-48D1-9777-5580E2B36E0A}.Debug|Any CPU.ActiveCfg = Debug|Any CPU
		{85475708-BD78-48D1-9777-5580E2B36E0A}.Debug|Any CPU.Build.0 = Debug|Any CPU
		{85475708-BD78-48D1-9777-5580E2B36E0A}.Release|Any CPU.ActiveCfg = Release|Any CPU
		{85475708-BD78-48D1-9777-5580E2B36E0A}.Release|Any CPU.Build.0 = Release|Any CPU
		{B33CE2FA-2666-4F3C-84E3-FAC6B593AACA}.Debug|Any CPU.ActiveCfg = Debug|Any CPU
		{B33CE2FA-2666-4F3C-84E3-FAC6B593AACA}.Debug|Any CPU.Build.0 = Debug|Any CPU
		{B33CE2FA-2666-4F3C-84E3-FAC6B593AACA}.Release|Any CPU.ActiveCfg = Release|Any CPU
		{B33CE2FA-2666-4F3C-84E3-FAC6B593AACA}.Release|Any CPU.Build.0 = Release|Any CPU
		{6D8B30B3-98DF-4444-B83D-FDFFA6C7D35A}.Debug|Any CPU.ActiveCfg = Debug|Any CPU
		{6D8B30B3-98DF-4444-B83D-FDFFA6C7D35A}.Debug|Any CPU.Build.0 = Debug|Any CPU
		{6D8B30B3-98DF-4444-B83D-FDFFA6C7D35A}.Release|Any CPU.ActiveCfg = Release|Any CPU
		{6D8B30B3-98DF-4444-B83D-FDFFA6C7D35A}.Release|Any CPU.Build.0 = Release|Any CPU
		{E291C904-7564-43BE-B9EE-3B3E215AF89F}.Debug|Any CPU.ActiveCfg = Debug|Any CPU
		{E291C904-7564-43BE-B9EE-3B3E215AF89F}.Debug|Any CPU.Build.0 = Debug|Any CPU
		{E291C904-7564-43BE-B9EE-3B3E215AF89F}.Release|Any CPU.ActiveCfg = Release|Any CPU
		{E291C904-7564-43BE-B9EE-3B3E215AF89F}.Release|Any CPU.Build.0 = Release|Any CPU
		{80B41E19-D7AE-4906-B9A5-251D86E028D7}.Debug|Any CPU.ActiveCfg = Debug|Any CPU
		{80B41E19-D7AE-4906-B9A5-251D86E028D7}.Debug|Any CPU.Build.0 = Debug|Any CPU
		{80B41E19-D7AE-4906-B9A5-251D86E028D7}.Release|Any CPU.ActiveCfg = Release|Any CPU
		{80B41E19-D7AE-4906-B9A5-251D86E028D7}.Release|Any CPU.Build.0 = Release|Any CPU
		{E8F7ED5E-727A-44AF-9B1F-C63BB9DBAA28}.Debug|Any CPU.ActiveCfg = Debug|Any CPU
		{E8F7ED5E-727A-44AF-9B1F-C63BB9DBAA28}.Debug|Any CPU.Build.0 = Debug|Any CPU
		{E8F7ED5E-727A-44AF-9B1F-C63BB9DBAA28}.Release|Any CPU.ActiveCfg = Release|Any CPU
		{E8F7ED5E-727A-44AF-9B1F-C63BB9DBAA28}.Release|Any CPU.Build.0 = Release|Any CPU
	EndGlobalSection
	GlobalSection(SolutionProperties) = preSolution
		HideSolutionNode = FALSE
	EndGlobalSection
	GlobalSection(ExtensibilityGlobals) = postSolution
		SolutionGuid = {0B3A2DDE-F7C7-4198-A8C7-413530011EC3}
	EndGlobalSection
EndGlobal
